// !$*UTF8*$!
{
	archiveVersion = 1;
	classes = {
	};
	objectVersion = 42;
	objects = {

/* Begin PBXBuildFile section */
		641D2BD10942D3AD00D5354A /* AboutController.m in Sources */ = {isa = PBXBuildFile; fileRef = 641D2BCE0942D3AD00D5354A /* AboutController.m */; };
		641D2BD30942D3AD00D5354A /* SkypeMenuController.m in Sources */ = {isa = PBXBuildFile; fileRef = 641D2BD00942D3AD00D5354A /* SkypeMenuController.m */; };
		641D2BD80942D3E100D5354A /* AGRegex.framework in Frameworks */ = {isa = PBXBuildFile; fileRef = 641D2BD70942D3E100D5354A /* AGRegex.framework */; };
		641D2BDE0942D3F100D5354A /* Skype.framework in Frameworks */ = {isa = PBXBuildFile; fileRef = 641D2BDD0942D3F100D5354A /* Skype.framework */; };
		641D2BE90942D41200D5354A /* banner-right.png in Resources */ = {isa = PBXBuildFile; fileRef = 641D2BE50942D41200D5354A /* banner-right.png */; };
		641D2BEA0942D41200D5354A /* Banner.png in Resources */ = {isa = PBXBuildFile; fileRef = 641D2BE60942D41200D5354A /* Banner.png */; };
		641D2BEB0942D41200D5354A /* buddyMenuImage.png in Resources */ = {isa = PBXBuildFile; fileRef = 641D2BE70942D41200D5354A /* buddyMenuImage.png */; };
		641D2BEC0942D41200D5354A /* Credits.html in Resources */ = {isa = PBXBuildFile; fileRef = 641D2BE80942D41200D5354A /* Credits.html */; };
		641D2BF10942D42100D5354A /* Skype.psd in Resources */ = {isa = PBXBuildFile; fileRef = 641D2BED0942D42100D5354A /* Skype.psd */; };
		641D2BF20942D42100D5354A /* SkypeIcon.png in Resources */ = {isa = PBXBuildFile; fileRef = 641D2BEE0942D42100D5354A /* SkypeIcon.png */; };
		641D2BF30942D42100D5354A /* SkypeIconDisabled.png in Resources */ = {isa = PBXBuildFile; fileRef = 641D2BEF0942D42100D5354A /* SkypeIconDisabled.png */; };
		641D2BF40942D42100D5354A /* SkypeIconHighlight.png in Resources */ = {isa = PBXBuildFile; fileRef = 641D2BF00942D42100D5354A /* SkypeIconHighlight.png */; };
		641D2BFC0942D43F00D5354A /* statusaway.png in Resources */ = {isa = PBXBuildFile; fileRef = 641D2BF50942D43F00D5354A /* statusaway.png */; };
		641D2BFD0942D43F00D5354A /* statuschat.png in Resources */ = {isa = PBXBuildFile; fileRef = 641D2BF60942D43F00D5354A /* statuschat.png */; };
		641D2BFE0942D43F00D5354A /* statusdonotdisturb.png in Resources */ = {isa = PBXBuildFile; fileRef = 641D2BF70942D43F00D5354A /* statusdonotdisturb.png */; };
		641D2BFF0942D43F00D5354A /* statusinvisible.png in Resources */ = {isa = PBXBuildFile; fileRef = 641D2BF80942D43F00D5354A /* statusinvisible.png */; };
		641D2C000942D43F00D5354A /* statusnotavailable.png in Resources */ = {isa = PBXBuildFile; fileRef = 641D2BF90942D43F00D5354A /* statusnotavailable.png */; };
		641D2C010942D43F00D5354A /* statusoffline.png in Resources */ = {isa = PBXBuildFile; fileRef = 641D2BFA0942D43F00D5354A /* statusoffline.png */; };
		641D2C020942D43F00D5354A /* statusonline.png in Resources */ = {isa = PBXBuildFile; fileRef = 641D2BFB0942D43F00D5354A /* statusonline.png */; };
		641D2C040942D44800D5354A /* x-click-but21.gif in Resources */ = {isa = PBXBuildFile; fileRef = 641D2C030942D44800D5354A /* x-click-but21.gif */; };
		641D2C150942D4CE00D5354A /* Skype.framework in Copy Frameworks */ = {isa = PBXBuildFile; fileRef = 641D2BDD0942D3F100D5354A /* Skype.framework */; };
		641D2C160942D4CE00D5354A /* AGRegex.framework in Copy Frameworks */ = {isa = PBXBuildFile; fileRef = 641D2BD70942D3E100D5354A /* AGRegex.framework */; };
		641D2C1A0942D4F100D5354A /* About.nib in Resources */ = {isa = PBXBuildFile; fileRef = 641D2C190942D4F100D5354A /* About.nib */; };
		641D2C820943B71A00D5354A /* WebKit.framework in Frameworks */ = {isa = PBXBuildFile; fileRef = 641D2C810943B71A00D5354A /* WebKit.framework */; };
		643BD7B10953BDE40032618A /* SkypeMenuX.icns in Resources */ = {isa = PBXBuildFile; fileRef = 643BD7B00953BDE40032618A /* SkypeMenuX.icns */; };
		6493F440094EAE920028FC44 /* voice_chat.png in Resources */ = {isa = PBXBuildFile; fileRef = 6493F43F094EAE920028FC44 /* voice_chat.png */; };
		6493F442094EAE9F0028FC44 /* text_chat.png in Resources */ = {isa = PBXBuildFile; fileRef = 6493F441094EAE9F0028FC44 /* text_chat.png */; };
		649D5700094E8D4C009B97F5 /* PreferenceController.m in Sources */ = {isa = PBXBuildFile; fileRef = 649D56FE094E8D4C009B97F5 /* PreferenceController.m */; };
		649D5702094E8E35009B97F5 /* Preferences.nib in Resources */ = {isa = PBXBuildFile; fileRef = 649D5701094E8E35009B97F5 /* Preferences.nib */; };
		8D11072A0486CEB800E47090 /* MainMenu.nib in Resources */ = {isa = PBXBuildFile; fileRef = 29B97318FDCFA39411CA2CEA /* MainMenu.nib */; };
		8D11072B0486CEB800E47090 /* InfoPlist.strings in Resources */ = {isa = PBXBuildFile; fileRef = 089C165CFE840E0CC02AAC07 /* InfoPlist.strings */; };
		8D11072D0486CEB800E47090 /* main.m in Sources */ = {isa = PBXBuildFile; fileRef = 29B97316FDCFA39411CA2CEA /* main.m */; settings = {ATTRIBUTES = (); }; };
		8D11072F0486CEB800E47090 /* Cocoa.framework in Frameworks */ = {isa = PBXBuildFile; fileRef = 1058C7A1FEA54F0111CA2CBB /* Cocoa.framework */; };
/* End PBXBuildFile section */

/* Begin PBXBuildStyle section */
		4A9504CCFFE6A4B311CA0CBA /* Debug */ = {
			isa = PBXBuildStyle;
			buildSettings = {
			};
			name = Debug;
		};
		4A9504CDFFE6A4B311CA0CBA /* Release */ = {
			isa = PBXBuildStyle;
			buildSettings = {
			};
			name = Release;
		};
/* End PBXBuildStyle section */

/* Begin PBXContainerItemProxy section */
		64F05CF0095522B60083D631 /* PBXContainerItemProxy */ = {
			isa = PBXContainerItemProxy;
			containerPortal = 29B97313FDCFA39411CA2CEA /* Project object */;
			proxyType = 1;
			remoteGlobalIDString = 8D1107260486CEB800E47090;
			remoteInfo = SkypeMenuX;
		};
/* End PBXContainerItemProxy section */

/* Begin PBXCopyFilesBuildPhase section */
		641D2C110942D4B100D5354A /* Copy Frameworks */ = {
			isa = PBXCopyFilesBuildPhase;
			buildActionMask = 2147483647;
			dstPath = "";
			dstSubfolderSpec = 10;
			files = (
				641D2C150942D4CE00D5354A /* Skype.framework in Copy Frameworks */,
				641D2C160942D4CE00D5354A /* AGRegex.framework in Copy Frameworks */,
			);
			name = "Copy Frameworks";
			runOnlyForDeploymentPostprocessing = 0;
		};
/* End PBXCopyFilesBuildPhase section */

/* Begin PBXFileReference section */
		089C165DFE840E0CC02AAC07 /* English */ = {isa = PBXFileReference; fileEncoding = 10; lastKnownFileType = text.plist.strings; name = English; path = English.lproj/InfoPlist.strings; sourceTree = "<group>"; };
		1058C7A1FEA54F0111CA2CBB /* Cocoa.framework */ = {isa = PBXFileReference; lastKnownFileType = wrapper.framework; name = Cocoa.framework; path = /System/Library/Frameworks/Cocoa.framework; sourceTree = "<absolute>"; };
		13E42FB307B3F0F600E4EEF1 /* CoreData.framework */ = {isa = PBXFileReference; lastKnownFileType = wrapper.framework; name = CoreData.framework; path = /System/Library/Frameworks/CoreData.framework; sourceTree = "<absolute>"; };
		29B97316FDCFA39411CA2CEA /* main.m */ = {isa = PBXFileReference; fileEncoding = 4; lastKnownFileType = sourcecode.c.objc; path = main.m; sourceTree = "<group>"; };
		29B97319FDCFA39411CA2CEA /* English */ = {isa = PBXFileReference; lastKnownFileType = wrapper.nib; name = English; path = English.lproj/MainMenu.nib; sourceTree = "<group>"; };
		29B97324FDCFA39411CA2CEA /* AppKit.framework */ = {isa = PBXFileReference; lastKnownFileType = wrapper.framework; name = AppKit.framework; path = /System/Library/Frameworks/AppKit.framework; sourceTree = "<absolute>"; };
		29B97325FDCFA39411CA2CEA /* Foundation.framework */ = {isa = PBXFileReference; lastKnownFileType = wrapper.framework; name = Foundation.framework; path = /System/Library/Frameworks/Foundation.framework; sourceTree = "<absolute>"; };
		32CA4F630368D1EE00C91783 /* SkypeMenuX_Prefix.pch */ = {isa = PBXFileReference; fileEncoding = 4; lastKnownFileType = sourcecode.c.h; path = SkypeMenuX_Prefix.pch; sourceTree = "<group>"; };
		641D2BCE0942D3AD00D5354A /* AboutController.m */ = {isa = PBXFileReference; fileEncoding = 30; lastKnownFileType = sourcecode.c.objc; path = AboutController.m; sourceTree = "<group>"; };
		641D2BD00942D3AD00D5354A /* SkypeMenuController.m */ = {isa = PBXFileReference; fileEncoding = 30; lastKnownFileType = sourcecode.c.objc; path = SkypeMenuController.m; sourceTree = "<group>"; };
		641D2BD40942D3C600D5354A /* AboutController.h */ = {isa = PBXFileReference; fileEncoding = 30; lastKnownFileType = sourcecode.c.h; path = AboutController.h; sourceTree = "<group>"; };
		641D2BD50942D3C600D5354A /* SkypeMenu_Prefix.pch */ = {isa = PBXFileReference; fileEncoding = 30; lastKnownFileType = sourcecode.c.h; path = SkypeMenu_Prefix.pch; sourceTree = "<group>"; };
		641D2BD60942D3C600D5354A /* SkypeMenuController.h */ = {isa = PBXFileReference; fileEncoding = 30; lastKnownFileType = sourcecode.c.h; path = SkypeMenuController.h; sourceTree = "<group>"; };
		641D2BD70942D3E100D5354A /* AGRegex.framework */ = {isa = PBXFileReference; lastKnownFileType = wrapper.framework; path = AGRegex.framework; sourceTree = "<group>"; };
		641D2BDD0942D3F100D5354A /* Skype.framework */ = {isa = PBXFileReference; lastKnownFileType = wrapper.framework; path = Skype.framework; sourceTree = "<group>"; };
		641D2BE50942D41200D5354A /* banner-right.png */ = {isa = PBXFileReference; lastKnownFileType = image.png; path = "banner-right.png"; sourceTree = "<group>"; };
		641D2BE60942D41200D5354A /* Banner.png */ = {isa = PBXFileReference; lastKnownFileType = image.png; path = Banner.png; sourceTree = "<group>"; };
		641D2BE70942D41200D5354A /* buddyMenuImage.png */ = {isa = PBXFileReference; lastKnownFileType = image.png; path = buddyMenuImage.png; sourceTree = "<group>"; };
		641D2BE80942D41200D5354A /* Credits.html */ = {isa = PBXFileReference; fileEncoding = 30; lastKnownFileType = text.html; path = Credits.html; sourceTree = "<group>"; };
		641D2BED0942D42100D5354A /* Skype.psd */ = {isa = PBXFileReference; lastKnownFileType = file; path = Skype.psd; sourceTree = "<group>"; };
		641D2BEE0942D42100D5354A /* SkypeIcon.png */ = {isa = PBXFileReference; lastKnownFileType = image.png; path = SkypeIcon.png; sourceTree = "<group>"; };
		641D2BEF0942D42100D5354A /* SkypeIconDisabled.png */ = {isa = PBXFileReference; lastKnownFileType = image.png; path = SkypeIconDisabled.png; sourceTree = "<group>"; };
		641D2BF00942D42100D5354A /* SkypeIconHighlight.png */ = {isa = PBXFileReference; lastKnownFileType = image.png; path = SkypeIconHighlight.png; sourceTree = "<group>"; };
		641D2BF50942D43F00D5354A /* statusaway.png */ = {isa = PBXFileReference; lastKnownFileType = image.png; path = statusaway.png; sourceTree = "<group>"; };
		641D2BF60942D43F00D5354A /* statuschat.png */ = {isa = PBXFileReference; lastKnownFileType = image.png; path = statuschat.png; sourceTree = "<group>"; };
		641D2BF70942D43F00D5354A /* statusdonotdisturb.png */ = {isa = PBXFileReference; lastKnownFileType = image.png; path = statusdonotdisturb.png; sourceTree = "<group>"; };
		641D2BF80942D43F00D5354A /* statusinvisible.png */ = {isa = PBXFileReference; lastKnownFileType = image.png; path = statusinvisible.png; sourceTree = "<group>"; };
		641D2BF90942D43F00D5354A /* statusnotavailable.png */ = {isa = PBXFileReference; lastKnownFileType = image.png; path = statusnotavailable.png; sourceTree = "<group>"; };
		641D2BFA0942D43F00D5354A /* statusoffline.png */ = {isa = PBXFileReference; lastKnownFileType = image.png; path = statusoffline.png; sourceTree = "<group>"; };
		641D2BFB0942D43F00D5354A /* statusonline.png */ = {isa = PBXFileReference; lastKnownFileType = image.png; path = statusonline.png; sourceTree = "<group>"; };
		641D2C030942D44800D5354A /* x-click-but21.gif */ = {isa = PBXFileReference; lastKnownFileType = image.gif; path = "x-click-but21.gif"; sourceTree = "<group>"; };
		641D2C190942D4F100D5354A /* About.nib */ = {isa = PBXFileReference; lastKnownFileType = wrapper.nib; path = About.nib; sourceTree = "<group>"; };
		641D2C810943B71A00D5354A /* WebKit.framework */ = {isa = PBXFileReference; lastKnownFileType = wrapper.framework; name = WebKit.framework; path = /System/Library/Frameworks/WebKit.framework; sourceTree = "<absolute>"; };
		643BD7B00953BDE40032618A /* SkypeMenuX.icns */ = {isa = PBXFileReference; lastKnownFileType = image.icns; path = SkypeMenuX.icns; sourceTree = "<group>"; };
		6493F43F094EAE920028FC44 /* voice_chat.png */ = {isa = PBXFileReference; lastKnownFileType = image.png; path = voice_chat.png; sourceTree = "<group>"; };
		6493F441094EAE9F0028FC44 /* text_chat.png */ = {isa = PBXFileReference; lastKnownFileType = image.png; path = text_chat.png; sourceTree = "<group>"; };
		649D56FD094E8D4C009B97F5 /* PreferenceController.h */ = {isa = PBXFileReference; fileEncoding = 4; lastKnownFileType = sourcecode.c.h; path = PreferenceController.h; sourceTree = "<group>"; };
		649D56FE094E8D4C009B97F5 /* PreferenceController.m */ = {isa = PBXFileReference; fileEncoding = 4; lastKnownFileType = sourcecode.c.objc; path = PreferenceController.m; sourceTree = "<group>"; };
		649D5701094E8E35009B97F5 /* Preferences.nib */ = {isa = PBXFileReference; lastKnownFileType = wrapper.nib; path = Preferences.nib; sourceTree = "<group>"; };
		64F05CA1095517300083D631 /* README.txt */ = {isa = PBXFileReference; fileEncoding = 30; lastKnownFileType = text; path = README.txt; sourceTree = "<group>"; };
		64F05D4209552A010083D631 /* buildDMG.pl */ = {isa = PBXFileReference; fileEncoding = 30; lastKnownFileType = text.script.perl; path = buildDMG.pl; sourceTree = "<group>"; };
		64F05D8D09554D930083D631 /* dmgSLA.r */ = {isa = PBXFileReference; fileEncoding = 30; lastKnownFileType = sourcecode.rez; path = dmgSLA.r; sourceTree = "<group>"; };
		8D1107310486CEB800E47090 /* Info.plist */ = {isa = PBXFileReference; fileEncoding = 4; lastKnownFileType = text.plist; path = Info.plist; sourceTree = "<group>"; };
		8D1107320486CEB800E47090 /* SkypeMenuX.app */ = {isa = PBXFileReference; explicitFileType = wrapper.application; includeInIndex = 0; path = SkypeMenuX.app; sourceTree = BUILT_PRODUCTS_DIR; };
/* End PBXFileReference section */

/* Begin PBXFrameworksBuildPhase section */
		8D11072E0486CEB800E47090 /* Frameworks */ = {
			isa = PBXFrameworksBuildPhase;
			buildActionMask = 2147483647;
			files = (
				8D11072F0486CEB800E47090 /* Cocoa.framework in Frameworks */,
				641D2BD80942D3E100D5354A /* AGRegex.framework in Frameworks */,
				641D2BDE0942D3F100D5354A /* Skype.framework in Frameworks */,
				641D2C820943B71A00D5354A /* WebKit.framework in Frameworks */,
			);
			runOnlyForDeploymentPostprocessing = 0;
		};
/* End PBXFrameworksBuildPhase section */

/* Begin PBXGroup section */
		080E96DDFE201D6D7F000001 /* Classes */ = {
			isa = PBXGroup;
			children = (
			);
			name = Classes;
			sourceTree = "<group>";
		};
		1058C7A0FEA54F0111CA2CBB /* Linked Frameworks */ = {
			isa = PBXGroup;
			children = (
				1058C7A1FEA54F0111CA2CBB /* Cocoa.framework */,
			);
			name = "Linked Frameworks";
			sourceTree = "<group>";
		};
		1058C7A2FEA54F0111CA2CBB /* Other Frameworks */ = {
			isa = PBXGroup;
			children = (
				641D2C810943B71A00D5354A /* WebKit.framework */,
				641D2BDD0942D3F100D5354A /* Skype.framework */,
				641D2BD70942D3E100D5354A /* AGRegex.framework */,
				29B97324FDCFA39411CA2CEA /* AppKit.framework */,
				13E42FB307B3F0F600E4EEF1 /* CoreData.framework */,
				29B97325FDCFA39411CA2CEA /* Foundation.framework */,
			);
			name = "Other Frameworks";
			sourceTree = "<group>";
		};
		19C28FACFE9D520D11CA2CBB /* Products */ = {
			isa = PBXGroup;
			children = (
				8D1107320486CEB800E47090 /* SkypeMenuX.app */,
			);
			name = Products;
			sourceTree = "<group>";
		};
		29B97314FDCFA39411CA2CEA /* SkypeMenuX */ = {
			isa = PBXGroup;
			children = (
				64F05CA1095517300083D631 /* README.txt */,
				080E96DDFE201D6D7F000001 /* Classes */,
				29B97315FDCFA39411CA2CEA /* Other Sources */,
				29B97317FDCFA39411CA2CEA /* Resources */,
				29B97323FDCFA39411CA2CEA /* Frameworks */,
				19C28FACFE9D520D11CA2CBB /* Products */,
				64F05D4309552A090083D631 /* Tools */,
			);
			name = SkypeMenuX;
			sourceTree = "<group>";
		};
		29B97315FDCFA39411CA2CEA /* Other Sources */ = {
			isa = PBXGroup;
			children = (
				649D56FD094E8D4C009B97F5 /* PreferenceController.h */,
				649D56FE094E8D4C009B97F5 /* PreferenceController.m */,
				641D2BCE0942D3AD00D5354A /* AboutController.m */,
				641D2BD40942D3C600D5354A /* AboutController.h */,
				641D2BD50942D3C600D5354A /* SkypeMenu_Prefix.pch */,
				641D2BD60942D3C600D5354A /* SkypeMenuController.h */,
				641D2BD00942D3AD00D5354A /* SkypeMenuController.m */,
				32CA4F630368D1EE00C91783 /* SkypeMenuX_Prefix.pch */,
				29B97316FDCFA39411CA2CEA /* main.m */,
			);
			name = "Other Sources";
			sourceTree = "<group>";
		};
		29B97317FDCFA39411CA2CEA /* Resources */ = {
			isa = PBXGroup;
			children = (
				64F05D8D09554D930083D631 /* dmgSLA.r */,
				643BD7B00953BDE40032618A /* SkypeMenuX.icns */,
				641D2C190942D4F100D5354A /* About.nib */,
				641D2BE50942D41200D5354A /* banner-right.png */,
				641D2BE60942D41200D5354A /* Banner.png */,
				641D2BE70942D41200D5354A /* buddyMenuImage.png */,
				641D2BE80942D41200D5354A /* Credits.html */,
				641D2BED0942D42100D5354A /* Skype.psd */,
				641D2BEE0942D42100D5354A /* SkypeIcon.png */,
				641D2BEF0942D42100D5354A /* SkypeIconDisabled.png */,
				641D2BF00942D42100D5354A /* SkypeIconHighlight.png */,
				641D2BF50942D43F00D5354A /* statusaway.png */,
				641D2BF60942D43F00D5354A /* statuschat.png */,
				641D2BF70942D43F00D5354A /* statusdonotdisturb.png */,
				641D2BF80942D43F00D5354A /* statusinvisible.png */,
				641D2BF90942D43F00D5354A /* statusnotavailable.png */,
				641D2BFA0942D43F00D5354A /* statusoffline.png */,
				641D2BFB0942D43F00D5354A /* statusonline.png */,
				641D2C030942D44800D5354A /* x-click-but21.gif */,
				6493F43F094EAE920028FC44 /* voice_chat.png */,
				6493F441094EAE9F0028FC44 /* text_chat.png */,
				8D1107310486CEB800E47090 /* Info.plist */,
				089C165CFE840E0CC02AAC07 /* InfoPlist.strings */,
				29B97318FDCFA39411CA2CEA /* MainMenu.nib */,
				649D5701094E8E35009B97F5 /* Preferences.nib */,
			);
			name = Resources;
			sourceTree = "<group>";
		};
		29B97323FDCFA39411CA2CEA /* Frameworks */ = {
			isa = PBXGroup;
			children = (
				1058C7A0FEA54F0111CA2CBB /* Linked Frameworks */,
				1058C7A2FEA54F0111CA2CBB /* Other Frameworks */,
			);
			name = Frameworks;
			sourceTree = "<group>";
		};
		64F05D4309552A090083D631 /* Tools */ = {
			isa = PBXGroup;
			children = (
				64F05D4209552A010083D631 /* buildDMG.pl */,
			);
			name = Tools;
			sourceTree = "<group>";
		};
/* End PBXGroup section */

/* Begin PBXLegacyTarget section */
		64F05CC4095518A20083D631 /* Disk Image */ = {
			isa = PBXLegacyTarget;
			buildArgumentsString = "$SOURCE_ROOT/buildDMG.pl -debug $PROJECT_NAME.app '$SOURCE_ROOT/SkypeMenuX Installation.webloc'";
			buildConfigurationList = 64F05CD0095518C70083D631 /* Build configuration list for PBXLegacyTarget "Disk Image" */;
			buildPhases = (
			);
			buildSettings = {
				PRODUCT_NAME = ext;
			};
			buildToolPath = /usr/bin/perl;
			buildWorkingDirectory = $BUILT_PRODUCTS_DIR;
			dependencies = (
				64F05CF1095522B60083D631 /* PBXTargetDependency */,
			);
			name = "Disk Image";
			passBuildSettingsInEnvironment = 1;
			productName = ext;
		};
/* End PBXLegacyTarget section */

/* Begin PBXNativeTarget section */
		8D1107260486CEB800E47090 /* SkypeMenuX */ = {
			isa = PBXNativeTarget;
			buildConfigurationList = C01FCF4A08A954540054247B /* Build configuration list for PBXNativeTarget "SkypeMenuX" */;
			buildPhases = (
				8D1107290486CEB800E47090 /* Resources */,
				8D11072C0486CEB800E47090 /* Sources */,
				8D11072E0486CEB800E47090 /* Frameworks */,
				641D2C110942D4B100D5354A /* Copy Frameworks */,
			);
			buildRules = (
			);
			buildSettings = {
			};
			dependencies = (
			);
			name = SkypeMenuX;
			productInstallPath = "$(HOME)/Applications";
			productName = SkypeMenuX;
			productReference = 8D1107320486CEB800E47090 /* SkypeMenuX.app */;
			productType = "com.apple.product-type.application";
		};
/* End PBXNativeTarget section */

/* Begin PBXProject section */
		29B97313FDCFA39411CA2CEA /* Project object */ = {
			isa = PBXProject;
			buildConfigurationList = C01FCF4E08A954540054247B /* Build configuration list for PBXProject "SkypeMenuX" */;
			buildSettings = {
			};
			buildStyles = (
				4A9504CCFFE6A4B311CA0CBA /* Debug */,
				4A9504CDFFE6A4B311CA0CBA /* Release */,
			);
			hasScannedForEncodings = 1;
			mainGroup = 29B97314FDCFA39411CA2CEA /* SkypeMenuX */;
			projectDirPath = "";
			targets = (
				8D1107260486CEB800E47090 /* SkypeMenuX */,
				64F05CC4095518A20083D631 /* Disk Image */,
			);
		};
/* End PBXProject section */

/* Begin PBXResourcesBuildPhase section */
		8D1107290486CEB800E47090 /* Resources */ = {
			isa = PBXResourcesBuildPhase;
			buildActionMask = 2147483647;
			files = (
				641D2C1A0942D4F100D5354A /* About.nib in Resources */,
				8D11072A0486CEB800E47090 /* MainMenu.nib in Resources */,
				8D11072B0486CEB800E47090 /* InfoPlist.strings in Resources */,
				641D2BE90942D41200D5354A /* banner-right.png in Resources */,
				641D2BEA0942D41200D5354A /* Banner.png in Resources */,
				641D2BEB0942D41200D5354A /* buddyMenuImage.png in Resources */,
				641D2BEC0942D41200D5354A /* Credits.html in Resources */,
				641D2BF10942D42100D5354A /* Skype.psd in Resources */,
				641D2BF20942D42100D5354A /* SkypeIcon.png in Resources */,
				641D2BF30942D42100D5354A /* SkypeIconDisabled.png in Resources */,
				641D2BF40942D42100D5354A /* SkypeIconHighlight.png in Resources */,
				641D2BFC0942D43F00D5354A /* statusaway.png in Resources */,
				641D2BFD0942D43F00D5354A /* statuschat.png in Resources */,
				641D2BFE0942D43F00D5354A /* statusdonotdisturb.png in Resources */,
				641D2BFF0942D43F00D5354A /* statusinvisible.png in Resources */,
				641D2C000942D43F00D5354A /* statusnotavailable.png in Resources */,
				641D2C010942D43F00D5354A /* statusoffline.png in Resources */,
				641D2C020942D43F00D5354A /* statusonline.png in Resources */,
				641D2C040942D44800D5354A /* x-click-but21.gif in Resources */,
				649D5702094E8E35009B97F5 /* Preferences.nib in Resources */,
				6493F440094EAE920028FC44 /* voice_chat.png in Resources */,
				6493F442094EAE9F0028FC44 /* text_chat.png in Resources */,
				643BD7B10953BDE40032618A /* SkypeMenuX.icns in Resources */,
			);
			runOnlyForDeploymentPostprocessing = 0;
		};
/* End PBXResourcesBuildPhase section */

/* Begin PBXSourcesBuildPhase section */
		8D11072C0486CEB800E47090 /* Sources */ = {
			isa = PBXSourcesBuildPhase;
			buildActionMask = 2147483647;
			files = (
				8D11072D0486CEB800E47090 /* main.m in Sources */,
				641D2BD10942D3AD00D5354A /* AboutController.m in Sources */,
				641D2BD30942D3AD00D5354A /* SkypeMenuController.m in Sources */,
				649D5700094E8D4C009B97F5 /* PreferenceController.m in Sources */,
			);
			runOnlyForDeploymentPostprocessing = 0;
		};
/* End PBXSourcesBuildPhase section */

/* Begin PBXTargetDependency section */
		64F05CF1095522B60083D631 /* PBXTargetDependency */ = {
			isa = PBXTargetDependency;
			target = 8D1107260486CEB800E47090 /* SkypeMenuX */;
			targetProxy = 64F05CF0095522B60083D631 /* PBXContainerItemProxy */;
		};
/* End PBXTargetDependency section */

/* Begin PBXVariantGroup section */
		089C165CFE840E0CC02AAC07 /* InfoPlist.strings */ = {
			isa = PBXVariantGroup;
			children = (
				089C165DFE840E0CC02AAC07 /* English */,
			);
			name = InfoPlist.strings;
			sourceTree = "<group>";
		};
		29B97318FDCFA39411CA2CEA /* MainMenu.nib */ = {
			isa = PBXVariantGroup;
			children = (
				29B97319FDCFA39411CA2CEA /* English */,
			);
			name = MainMenu.nib;
			sourceTree = "<group>";
		};
/* End PBXVariantGroup section */

/* Begin XCBuildConfiguration section */
		64F05CD1095518C70083D631 /* Debug */ = {
			isa = XCBuildConfiguration;
			buildSettings = {
				COPY_PHASE_STRIP = NO;
				GCC_DYNAMIC_NO_PIC = NO;
				GCC_GENERATE_DEBUGGING_SYMBOLS = YES;
				GCC_OPTIMIZATION_LEVEL = 0;
				PRODUCT_NAME = ext;
			};
			name = Debug;
		};
		64F05CD2095518C70083D631 /* Release */ = {
			isa = XCBuildConfiguration;
			buildSettings = {
				DMG_COMPRESSIONLEVEL = 6;
				DMG_INTERNETENABLED = 1;
				DMG_NAME = $PROJECT_NAME;
				DMG_SLA_RSRCFILE = $SOURCE_ROOT/dmgSLA.r;
				DMG_VOLNAME = $PROJECT_NAME;
			};
			name = Release;
		};
		C01FCF4B08A954540054247B /* Debug */ = {
			isa = XCBuildConfiguration;
			buildSettings = {
				COPY_PHASE_STRIP = NO;
				FRAMEWORK_SEARCH_PATHS = (
					"$(FRAMEWORK_SEARCH_PATHS)",
					"$(SRCROOT)",
				);
				GCC_DYNAMIC_NO_PIC = NO;
				GCC_ENABLE_FIX_AND_CONTINUE = YES;
				GCC_ENABLE_OBJC_EXCEPTIONS = YES;
				GCC_MODEL_TUNING = G5;
				GCC_OPTIMIZATION_LEVEL = 0;
				INFOPLIST_FILE = Info.plist;
				INSTALL_PATH = "$(HOME)/Applications";
				PRODUCT_NAME = SkypeMenuX;
				WRAPPER_EXTENSION = app;
				ZERO_LINK = YES;
			};
			name = Debug;
		};
		C01FCF4C08A954540054247B /* Release */ = {
			isa = XCBuildConfiguration;
			buildSettings = {
				ARCHS = ppc;
				FRAMEWORK_SEARCH_PATHS = (
					"$(FRAMEWORK_SEARCH_PATHS)",
					"$(SRCROOT)",
				);
				GCC_ENABLE_OBJC_EXCEPTIONS = YES;
				GCC_GENERATE_DEBUGGING_SYMBOLS = NO;
				GCC_MODEL_TUNING = G5;
				INFOPLIST_FILE = Info.plist;
				INSTALL_PATH = "$(HOME)/Applications";
				PRODUCT_NAME = SkypeMenuX;
				WRAPPER_EXTENSION = app;
			};
			name = Release;
		};
		C01FCF4F08A954540054247B /* Debug */ = {
			isa = XCBuildConfiguration;
			buildSettings = {
				GCC_WARN_ABOUT_RETURN_TYPE = YES;
				GCC_WARN_UNUSED_VARIABLE = YES;
				PREBINDING = NO;
				SDKROOT = /Developer/SDKs/MacOSX10.4u.sdk;
			};
			name = Debug;
		};
		C01FCF5008A954540054247B /* Release */ = {
			isa = XCBuildConfiguration;
			buildSettings = {
				ARCHS = "$(NATIVE_ARCH)";
				GCC_WARN_ABOUT_RETURN_TYPE = YES;
				GCC_WARN_UNUSED_VARIABLE = YES;
				PREBINDING = NO;
				SDKROOT = /Developer/SDKs/MacOSX10.4u.sdk;
			};
			name = Release;
		};
/* End XCBuildConfiguration section */

/* Begin XCConfigurationList section */
		64F05CD0095518C70083D631 /* Build configuration list for PBXLegacyTarget "Disk Image" */ = {
			isa = XCConfigurationList;
			buildConfigurations = (
				64F05CD1095518C70083D631 /* Debug */,
				64F05CD2095518C70083D631 /* Release */,
			);
			defaultConfigurationIsVisible = 0;
			defaultConfigurationName = Release;
		};
		C01FCF4A08A954540054247B /* Build configuration list for PBXNativeTarget "SkypeMenuX" */ = {
			isa = XCConfigurationList;
			buildConfigurations = (
				C01FCF4B08A954540054247B /* Debug */,
				C01FCF4C08A954540054247B /* Release */,
			);
			defaultConfigurationIsVisible = 0;
			defaultConfigurationName = Release;
		};
		C01FCF4E08A954540054247B /* Build configuration list for PBXProject "SkypeMenuX" */ = {
			isa = XCConfigurationList;
			buildConfigurations = (
				C01FCF4F08A954540054247B /* Debug */,
				C01FCF5008A954540054247B /* Release */,
			);
			defaultConfigurationIsVisible = 0;
			defaultConfigurationName = Release;
		};
/* End XCConfigurationList section */
	};
	rootObject = 29B97313FDCFA39411CA2CEA /* Project object */;
}
